// !$*UTF8*$!
{
	archiveVersion = 1;
	classes = {
	};
	objectVersion = 50;
	objects = {

/* Begin PBXBuildFile section */
		2FCD00A522D4376400F4C8C6 /* AppDelegate.m in Sources */ = {isa = PBXBuildFile; fileRef = 2FCD00A422D4376400F4C8C6 /* AppDelegate.m */; };
		2FCD00A822D4376400F4C8C6 /* ViewController.m in Sources */ = {isa = PBXBuildFile; fileRef = 2FCD00A722D4376400F4C8C6 /* ViewController.m */; };
		2FCD00AB22D4376400F4C8C6 /* Main.storyboard in Resources */ = {isa = PBXBuildFile; fileRef = 2FCD00A922D4376400F4C8C6 /* Main.storyboard */; };
		2FCD00AD22D4376500F4C8C6 /* Assets.xcassets in Resources */ = {isa = PBXBuildFile; fileRef = 2FCD00AC22D4376500F4C8C6 /* Assets.xcassets */; };
		2FCD00B022D4376500F4C8C6 /* LaunchScreen.storyboard in Resources */ = {isa = PBXBuildFile; fileRef = 2FCD00AE22D4376500F4C8C6 /* LaunchScreen.storyboard */; };
		2FCD00B322D4376500F4C8C6 /* main.m in Sources */ = {isa = PBXBuildFile; fileRef = 2FCD00B222D4376500F4C8C6 /* main.m */; };
		2FCD00BB22D4383000F4C8C6 /* testClass.m in Sources */ = {isa = PBXBuildFile; fileRef = 2FCD00B922D4383000F4C8C6 /* testClass.m */; };
		2FCD00BE22D43D9A00F4C8C6 /* RPoing.m in Sources */ = {isa = PBXBuildFile; fileRef = 2FCD00BD22D43D9A00F4C8C6 /* RPoing.m */; };
/* End PBXBuildFile section */

/* Begin PBXFileReference section */
		2FCD00A022D4376400F4C8C6 /* iosxxOc.app */ = {isa = PBXFileReference; explicitFileType = wrapper.application; includeInIndex = 0; path = iosxxOc.app; sourceTree = BUILT_PRODUCTS_DIR; };
		2FCD00A322D4376400F4C8C6 /* AppDelegate.h */ = {isa = PBXFileReference; lastKnownFileType = sourcecode.c.h; path = AppDelegate.h; sourceTree = "<group>"; };
		2FCD00A422D4376400F4C8C6 /* AppDelegate.m */ = {isa = PBXFileReference; lastKnownFileType = sourcecode.c.objc; path = AppDelegate.m; sourceTree = "<group>"; };
		2FCD00A622D4376400F4C8C6 /* ViewController.h */ = {isa = PBXFileReference; lastKnownFileType = sourcecode.c.h; path = ViewController.h; sourceTree = "<group>"; };
		2FCD00A722D4376400F4C8C6 /* ViewController.m */ = {isa = PBXFileReference; lastKnownFileType = sourcecode.c.objc; path = ViewController.m; sourceTree = "<group>"; };
		2FCD00AA22D4376400F4C8C6 /* Base */ = {isa = PBXFileReference; lastKnownFileType = file.storyboard; name = Base; path = Base.lproj/Main.storyboard; sourceTree = "<group>"; };
		2FCD00AC22D4376500F4C8C6 /* Assets.xcassets */ = {isa = PBXFileReference; lastKnownFileType = folder.assetcatalog; path = Assets.xcassets; sourceTree = "<group>"; };
		2FCD00AF22D4376500F4C8C6 /* Base */ = {isa = PBXFileReference; lastKnownFileType = file.storyboard; name = Base; path = Base.lproj/LaunchScreen.storyboard; sourceTree = "<group>"; };
		2FCD00B122D4376500F4C8C6 /* Info.plist */ = {isa = PBXFileReference; lastKnownFileType = text.plist.xml; path = Info.plist; sourceTree = "<group>"; };
		2FCD00B222D4376500F4C8C6 /* main.m */ = {isa = PBXFileReference; lastKnownFileType = sourcecode.c.objc; path = main.m; sourceTree = "<group>"; };
		2FCD00B922D4383000F4C8C6 /* testClass.m */ = {isa = PBXFileReference; fileEncoding = 4; lastKnownFileType = sourcecode.c.objc; path = testClass.m; sourceTree = "<group>"; };
		2FCD00BA22D4383000F4C8C6 /* testClass.h */ = {isa = PBXFileReference; fileEncoding = 4; lastKnownFileType = sourcecode.c.h; path = testClass.h; sourceTree = "<group>"; };
		2FCD00BC22D43D9A00F4C8C6 /* RPoing.h */ = {isa = PBXFileReference; lastKnownFileType = sourcecode.c.h; path = RPoing.h; sourceTree = "<group>"; };
		2FCD00BD22D43D9A00F4C8C6 /* RPoing.m */ = {isa = PBXFileReference; lastKnownFileType = sourcecode.c.objc; path = RPoing.m; sourceTree = "<group>"; };
		2FCD00BF22D4740C00F4C8C6 /* SPrint.h */ = {isa = PBXFileReference; lastKnownFileType = sourcecode.c.h; path = SPrint.h; sourceTree = "<group>"; };
/* End PBXFileReference section */

/* Begin PBXFrameworksBuildPhase section */
		2FCD009D22D4376400F4C8C6 /* Frameworks */ = {
			isa = PBXFrameworksBuildPhase;
			buildActionMask = 2147483647;
			files = (
			);
			runOnlyForDeploymentPostprocessing = 0;
		};
/* End PBXFrameworksBuildPhase section */

/* Begin PBXGroup section */
		2FCD009722D4376400F4C8C6 = {
			isa = PBXGroup;
			children = (
				2FCD00A222D4376400F4C8C6 /* iosxxOc */,
				2FCD00A122D4376400F4C8C6 /* Products */,
			);
			sourceTree = "<group>";
		};
		2FCD00A122D4376400F4C8C6 /* Products */ = {
			isa = PBXGroup;
			children = (
				2FCD00A022D4376400F4C8C6 /* iosxxOc.app */,
			);
			name = Products;
			sourceTree = "<group>";
		};
		2FCD00A222D4376400F4C8C6 /* iosxxOc */ = {
			isa = PBXGroup;
			children = (
				2FCD00A322D4376400F4C8C6 /* AppDelegate.h */,
				2FCD00A422D4376400F4C8C6 /* AppDelegate.m */,
				2FCD00A622D4376400F4C8C6 /* ViewController.h */,
				2FCD00A722D4376400F4C8C6 /* ViewController.m */,
				2FCD00BA22D4383000F4C8C6 /* testClass.h */,
				2FCD00B922D4383000F4C8C6 /* testClass.m */,
				2FCD00BC22D43D9A00F4C8C6 /* RPoing.h */,
				2FCD00BD22D43D9A00F4C8C6 /* RPoing.m */,
				2FCD00A922D4376400F4C8C6 /* Main.storyboard */,
				2FCD00AC22D4376500F4C8C6 /* Assets.xcassets */,
				2FCD00AE22D4376500F4C8C6 /* LaunchScreen.storyboard */,
				2FCD00B122D4376500F4C8C6 /* Info.plist */,
				2FCD00B222D4376500F4C8C6 /* main.m */,
				2FCD00BF22D4740C00F4C8C6 /* SPrint.h */,
			);
			path = iosxxOc;
			sourceTree = "<group>";
		};
/* End PBXGroup section */

/* Begin PBXNativeTarget section */
		2FCD009F22D4376400F4C8C6 /* iosxxOc */ = {
			isa = PBXNativeTarget;
			buildConfigurationList = 2FCD00B622D4376500F4C8C6 /* Build configuration list for PBXNativeTarget "iosxxOc" */;
			buildPhases = (
				2FCD009C22D4376400F4C8C6 /* Sources */,
				2FCD009D22D4376400F4C8C6 /* Frameworks */,
				2FCD009E22D4376400F4C8C6 /* Resources */,
			);
			buildRules = (
			);
			dependencies = (
			);
			name = iosxxOc;
			productName = iosxxOc;
			productReference = 2FCD00A022D4376400F4C8C6 /* iosxxOc.app */;
			productType = "com.apple.product-type.application";
		};
/* End PBXNativeTarget section */

/* Begin PBXProject section */
		2FCD009822D4376400F4C8C6 /* Project object */ = {
			isa = PBXProject;
			attributes = {
				LastUpgradeCheck = 1020;
				ORGANIZATIONNAME = "李奕权";
				TargetAttributes = {
					2FCD009F22D4376400F4C8C6 = {
						CreatedOnToolsVersion = 10.2.1;
					};
				};
			};
			buildConfigurationList = 2FCD009B22D4376400F4C8C6 /* Build configuration list for PBXProject "iosxxOc" */;
			compatibilityVersion = "Xcode 9.3";
			developmentRegion = en;
			hasScannedForEncodings = 0;
			knownRegions = (
				en,
				Base,
			);
			mainGroup = 2FCD009722D4376400F4C8C6;
			productRefGroup = 2FCD00A122D4376400F4C8C6 /* Products */;
			projectDirPath = "";
			projectRoot = "";
			targets = (
				2FCD009F22D4376400F4C8C6 /* iosxxOc */,
			);
		};
/* End PBXProject section */

/* Begin PBXResourcesBuildPhase section */
		2FCD009E22D4376400F4C8C6 /* Resources */ = {
			isa = PBXResourcesBuildPhase;
			buildActionMask = 2147483647;
			files = (
				2FCD00B022D4376500F4C8C6 /* LaunchScreen.storyboard in Resources */,
				2FCD00AD22D4376500F4C8C6 /* Assets.xcassets in Resources */,
				2FCD00AB22D4376400F4C8C6 /* Main.storyboard in Resources */,
			);
			runOnlyForDeploymentPostprocessing = 0;
		};
/* End PBXResourcesBuildPhase section */

/* Begin PBXSourcesBuildPhase section */
		2FCD009C22D4376400F4C8C6 /* Sources */ = {
			isa = PBXSourcesBuildPhase;
			buildActionMask = 2147483647;
			files = (
				2FCD00BE22D43D9A00F4C8C6 /* RPoing.m in Sources */,
				2FCD00BB22D4383000F4C8C6 /* testClass.m in Sources */,
				2FCD00A822D4376400F4C8C6 /* ViewController.m in Sources */,
				2FCD00B322D4376500F4C8C6 /* main.m in Sources */,
				2FCD00A522D4376400F4C8C6 /* AppDelegate.m in Sources */,
			);
			runOnlyForDeploymentPostprocessing = 0;
		};
/* End PBXSourcesBuildPhase section */

/* Begin PBXVariantGroup section */
		2FCD00A922D4376400F4C8C6 /* Main.storyboard */ = {
			isa = PBXVariantGroup;
			children = (
				2FCD00AA22D4376400F4C8C6 /* Base */,
			);
			name = Main.storyboard;
			sourceTree = "<group>";
		};
		2FCD00AE22D4376500F4C8C6 /* LaunchScreen.storyboard */ = {
			isa = PBXVariantGroup;
			children = (
				2FCD00AF22D4376500F4C8C6 /* Base */,
			);
			name = LaunchScreen.storyboard;
			sourceTree = "<group>";
		};
/* End PBXVariantGroup section */

/* Begin XCBuildConfiguration section */
		2FCD00B422D4376500F4C8C6 /* Debug */ = {
			isa = XCBuildConfiguration;
			buildSettings = {
				ALWAYS_SEARCH_USER_PATHS = NO;
				CLANG_ANALYZER_NONNULL = YES;
				CLANG_ANALYZER_NUMBER_OBJECT_CONVERSION = YES_AGGRESSIVE;
				CLANG_CXX_LANGUAGE_STANDARD = "gnu++14";
				CLANG_CXX_LIBRARY = "libc++";
				CLANG_ENABLE_MODULES = YES;
				CLANG_ENABLE_OBJC_ARC = YES;
				CLANG_ENABLE_OBJC_WEAK = YES;
				CLANG_WARN_BLOCK_CAPTURE_AUTORELEASING = YES;
				CLANG_WARN_BOOL_CONVERSION = YES;
				CLANG_WARN_COMMA = YES;
				CLANG_WARN_CONSTANT_CONVERSION = YES;
				CLANG_WARN_DEPRECATED_OBJC_IMPLEMENTATIONS = YES;
				CLANG_WARN_DIRECT_OBJC_ISA_USAGE = YES_ERROR;
				CLANG_WARN_DOCUMENTATION_COMMENTS = YES;
				CLANG_WARN_EMPTY_BODY = YES;
				CLANG_WARN_ENUM_CONVERSION = YES;
				CLANG_WARN_INFINITE_RECURSION = YES;
				CLANG_WARN_INT_CONVERSION = YES;
				CLANG_WARN_NON_LITERAL_NULL_CONVERSION = YES;
				CLANG_WARN_OBJC_IMPLICIT_RETAIN_SELF = YES;
				CLANG_WARN_OBJC_LITERAL_CONVERSION = YES;
				CLANG_WARN_OBJC_ROOT_CLASS = YES_ERROR;
				CLANG_WARN_RANGE_LOOP_ANALYSIS = YES;
				CLANG_WARN_STRICT_PROTOTYPES = YES;
				CLANG_WARN_SUSPICIOUS_MOVE = YES;
				CLANG_WARN_UNGUARDED_AVAILABILITY = YES_AGGRESSIVE;
				CLANG_WARN_UNREACHABLE_CODE = YES;
				CLANG_WARN__DUPLICATE_METHOD_MATCH = YES;
				CODE_SIGN_IDENTITY = "iPhone Developer";
				COPY_PHASE_STRIP = NO;
				DEBUG_INFORMATION_FORMAT = dwarf;
				ENABLE_STRICT_OBJC_MSGSEND = YES;
				ENABLE_TESTABILITY = YES;
				GCC_C_LANGUAGE_STANDARD = gnu11;
				GCC_DYNAMIC_NO_PIC = NO;
				GCC_NO_COMMON_BLOCKS = YES;
				GCC_OPTIMIZATION_LEVEL = 0;
				GCC_PREPROCESSOR_DEFINITIONS = (
					"DEBUG=1",
					"$(inherited)",
				);
				GCC_WARN_64_TO_32_BIT_CONVERSION = YES;
				GCC_WARN_ABOUT_RETURN_TYPE = YES_ERROR;
				GCC_WARN_UNDECLARED_SELECTOR = YES;
				GCC_WARN_UNINITIALIZED_AUTOS = YES_AGGRESSIVE;
				GCC_WARN_UNUSED_FUNCTION = YES;
				GCC_WARN_UNUSED_VARIABLE = YES;
				IPHONEOS_DEPLOYMENT_TARGET = 12.2;
				MTL_ENABLE_DEBUG_INFO = INCLUDE_SOURCE;
				MTL_FAST_MATH = YES;
				ONLY_ACTIVE_ARCH = YES;
				SDKROOT = iphoneos;
			};
			name = Debug;
		};
		2FCD00B522D4376500F4C8C6 /* Release */ = {
			isa = XCBuildConfiguration;
			buildSettings = {
				ALWAYS_SEARCH_USER_PATHS = NO;
				CLANG_ANALYZER_NONNULL = YES;
				CLANG_ANALYZER_NUMBER_OBJECT_CONVERSION = YES_AGGRESSIVE;
				CLANG_CXX_LANGUAGE_STANDARD = "gnu++14";
				CLANG_CXX_LIBRARY = "libc++";
				CLANG_ENABLE_MODULES = YES;
				CLANG_ENABLE_OBJC_ARC = YES;
				CLANG_ENABLE_OBJC_WEAK = YES;
				CLANG_WARN_BLOCK_CAPTURE_AUTORELEASING = YES;
				CLANG_WARN_BOOL_CONVERSION = YES;
				CLANG_WARN_COMMA = YES;
				CLANG_WARN_CONSTANT_CONVERSION = YES;
				CLANG_WARN_DEPRECATED_OBJC_IMPLEMENTATIONS = YES;
				CLANG_WARN_DIRECT_OBJC_ISA_USAGE = YES_ERROR;
				CLANG_WARN_DOCUMENTATION_COMMENTS = YES;
				CLANG_WARN_EMPTY_BODY = YES;
				CLANG_WARN_ENUM_CONVERSION = YES;
				CLANG_WARN_INFINITE_RECURSION = YES;
				CLANG_WARN_INT_CONVERSION = YES;
				CLANG_WARN_NON_LITERAL_NULL_CONVERSION = YES;
				CLANG_WARN_OBJC_IMPLICIT_RETAIN_SELF = YES;
				CLANG_WARN_OBJC_LITERAL_CONVERSION = YES;
				CLANG_WARN_OBJC_ROOT_CLASS = YES_ERROR;
				CLANG_WARN_RANGE_LOOP_ANALYSIS = YES;
				CLANG_WARN_STRICT_PROTOTYPES = YES;
				CLANG_WARN_SUSPICIOUS_MOVE = YES;
				CLANG_WARN_UNGUARDED_AVAILABILITY = YES_AGGRESSIVE;
				CLANG_WARN_UNREACHABLE_CODE = YES;
				CLANG_WARN__DUPLICATE_METHOD_MATCH = YES;
				CODE_SIGN_IDENTITY = "iPhone Developer";
				COPY_PHASE_STRIP = NO;
				DEBUG_INFORMATION_FORMAT = "dwarf-with-dsym";
				ENABLE_NS_ASSERTIONS = NO;
				ENABLE_STRICT_OBJC_MSGSEND = YES;
				GCC_C_LANGUAGE_STANDARD = gnu11;
				GCC_NO_COMMON_BLOCKS = YES;
				GCC_WARN_64_TO_32_BIT_CONVERSION = YES;
				GCC_WARN_ABOUT_RETURN_TYPE = YES_ERROR;
				GCC_WARN_UNDECLARED_SELECTOR = YES;
				GCC_WARN_UNINITIALIZED_AUTOS = YES_AGGRESSIVE;
				GCC_WARN_UNUSED_FUNCTION = YES;
				GCC_WARN_UNUSED_VARIABLE = YES;
				IPHONEOS_DEPLOYMENT_TARGET = 12.2;
				MTL_ENABLE_DEBUG_INFO = NO;
				MTL_FAST_MATH = YES;
				SDKROOT = iphoneos;
				VALIDATE_PRODUCT = YES;
			};
			name = Release;
		};
		2FCD00B722D4376500F4C8C6 /* Debug */ = {
			isa = XCBuildConfiguration;
			buildSettings = {
				ASSETCATALOG_COMPILER_APPICON_NAME = AppIcon;
				CODE_SIGN_STYLE = Automatic;
				DEVELOPMENT_TEAM = 6H8VB2T59F;
				INFOPLIST_FILE = iosxxOc/Info.plist;
				LD_RUNPATH_SEARCH_PATHS = (
					"$(inherited)",
					"@executable_path/Frameworks",
				);
				PRODUCT_BUNDLE_IDENTIFIER = vteso.iostest.flutter.iosxxOc;
				PRODUCT_NAME = "$(TARGET_NAME)";
				TARGETED_DEVICE_FAMILY = "1,2";
			};
			name = Debug;
		};
		2FCD00B822D4376500F4C8C6 /* Release */ = {
			isa = XCBuildConfiguration;
			buildSettings = {
				ASSETCATALOG_COMPILER_APPICON_NAME = AppIcon;
				CODE_SIGN_STYLE = Automatic;
				DEVELOPMENT_TEAM = 6H8VB2T59F;
				INFOPLIST_FILE = iosxxOc/Info.plist;
				LD_RUNPATH_SEARCH_PATHS = (
					"$(inherited)",
					"@executable_path/Frameworks",
				);
				PRODUCT_BUNDLE_IDENTIFIER = vteso.iostest.flutter.iosxxOc;
				PRODUCT_NAME = "$(TARGET_NAME)";
				TARGETED_DEVICE_FAMILY = "1,2";
			};
			name = Release;
		};
/* End XCBuildConfiguration section */

/* Begin XCConfigurationList section */
		2FCD009B22D4376400F4C8C6 /* Build configuration list for PBXProject "iosxxOc" */ = {
			isa = XCConfigurationList;
			buildConfigurations = (
				2FCD00B422D4376500F4C8C6 /* Debug */,
				2FCD00B522D4376500F4C8C6 /* Release */,
			);
			defaultConfigurationIsVisible = 0;
			defaultConfigurationName = Release;
		};
		2FCD00B622D4376500F4C8C6 /* Build configuration list for PBXNativeTarget "iosxxOc" */ = {
			isa = XCConfigurationList;
			buildConfigurations = (
				2FCD00B722D4376500F4C8C6 /* Debug */,
				2FCD00B822D4376500F4C8C6 /* Release */,
			);
			defaultConfigurationIsVisible = 0;
			defaultConfigurationName = Release;
		};
/* End XCConfigurationList section */
	};
	rootObject = 2FCD009822D4376400F4C8C6 /* Project object */;
}
