// !$*UTF8*$!
{
	archiveVersion = 1;
	classes = {
	};
	objectVersion = 50;
	objects = {

/* Begin PBXBuildFile section */
		2FCD00F922D75B8E00F4C8C6 /* AppDelegate.m in Sources */ = {isa = PBXBuildFile; fileRef = 2FCD00F822D75B8E00F4C8C6 /* AppDelegate.m */; };
		2FCD00FC22D75B8E00F4C8C6 /* ViewController.m in Sources */ = {isa = PBXBuildFile; fileRef = 2FCD00FB22D75B8E00F4C8C6 /* ViewController.m */; };
		2FCD00FF22D75B8E00F4C8C6 /* Main.storyboard in Resources */ = {isa = PBXBuildFile; fileRef = 2FCD00FD22D75B8E00F4C8C6 /* Main.storyboard */; };
		2FCD010122D75B8F00F4C8C6 /* Assets.xcassets in Resources */ = {isa = PBXBuildFile; fileRef = 2FCD010022D75B8F00F4C8C6 /* Assets.xcassets */; };
		2FCD010422D75B8F00F4C8C6 /* LaunchScreen.storyboard in Resources */ = {isa = PBXBuildFile; fileRef = 2FCD010222D75B8F00F4C8C6 /* LaunchScreen.storyboard */; };
		2FCD010722D75B8F00F4C8C6 /* main.m in Sources */ = {isa = PBXBuildFile; fileRef = 2FCD010622D75B8F00F4C8C6 /* main.m */; };
/* End PBXBuildFile section */

/* Begin PBXFileReference section */
		2FCD00F422D75B8E00F4C8C6 /* testaaaaa.app */ = {isa = PBXFileReference; explicitFileType = wrapper.application; includeInIndex = 0; path = testaaaaa.app; sourceTree = BUILT_PRODUCTS_DIR; };
		2FCD00F722D75B8E00F4C8C6 /* AppDelegate.h */ = {isa = PBXFileReference; lastKnownFileType = sourcecode.c.h; path = AppDelegate.h; sourceTree = "<group>"; };
		2FCD00F822D75B8E00F4C8C6 /* AppDelegate.m */ = {isa = PBXFileReference; lastKnownFileType = sourcecode.c.objc; path = AppDelegate.m; sourceTree = "<group>"; };
		2FCD00FA22D75B8E00F4C8C6 /* ViewController.h */ = {isa = PBXFileReference; lastKnownFileType = sourcecode.c.h; path = ViewController.h; sourceTree = "<group>"; };
		2FCD00FB22D75B8E00F4C8C6 /* ViewController.m */ = {isa = PBXFileReference; lastKnownFileType = sourcecode.c.objc; path = ViewController.m; sourceTree = "<group>"; };
		2FCD00FE22D75B8E00F4C8C6 /* Base */ = {isa = PBXFileReference; lastKnownFileType = file.storyboard; name = Base; path = Base.lproj/Main.storyboard; sourceTree = "<group>"; };
		2FCD010022D75B8F00F4C8C6 /* Assets.xcassets */ = {isa = PBXFileReference; lastKnownFileType = folder.assetcatalog; path = Assets.xcassets; sourceTree = "<group>"; };
		2FCD010322D75B8F00F4C8C6 /* Base */ = {isa = PBXFileReference; lastKnownFileType = file.storyboard; name = Base; path = Base.lproj/LaunchScreen.storyboard; sourceTree = "<group>"; };
		2FCD010522D75B8F00F4C8C6 /* Info.plist */ = {isa = PBXFileReference; lastKnownFileType = text.plist.xml; path = Info.plist; sourceTree = "<group>"; };
		2FCD010622D75B8F00F4C8C6 /* main.m */ = {isa = PBXFileReference; lastKnownFileType = sourcecode.c.objc; path = main.m; sourceTree = "<group>"; };
/* End PBXFileReference section */

/* Begin PBXFrameworksBuildPhase section */
		2FCD00F122D75B8E00F4C8C6 /* Frameworks */ = {
			isa = PBXFrameworksBuildPhase;
			buildActionMask = 2147483647;
			files = (
			);
			runOnlyForDeploymentPostprocessing = 0;
		};
/* End PBXFrameworksBuildPhase section */

/* Begin PBXGroup section */
		2FCD00EB22D75B8E00F4C8C6 = {
			isa = PBXGroup;
			children = (
				2FCD00F622D75B8E00F4C8C6 /* testaaaaa */,
				2FCD00F522D75B8E00F4C8C6 /* Products */,
			);
			sourceTree = "<group>";
		};
		2FCD00F522D75B8E00F4C8C6 /* Products */ = {
			isa = PBXGroup;
			children = (
				2FCD00F422D75B8E00F4C8C6 /* testaaaaa.app */,
			);
			name = Products;
			sourceTree = "<group>";
		};
		2FCD00F622D75B8E00F4C8C6 /* testaaaaa */ = {
			isa = PBXGroup;
			children = (
				2FCD00F722D75B8E00F4C8C6 /* AppDelegate.h */,
				2FCD00F822D75B8E00F4C8C6 /* AppDelegate.m */,
				2FCD00FA22D75B8E00F4C8C6 /* ViewController.h */,
				2FCD00FB22D75B8E00F4C8C6 /* ViewController.m */,
				2FCD00FD22D75B8E00F4C8C6 /* Main.storyboard */,
				2FCD010022D75B8F00F4C8C6 /* Assets.xcassets */,
				2FCD010222D75B8F00F4C8C6 /* LaunchScreen.storyboard */,
				2FCD010522D75B8F00F4C8C6 /* Info.plist */,
				2FCD010622D75B8F00F4C8C6 /* main.m */,
			);
			path = testaaaaa;
			sourceTree = "<group>";
		};
/* End PBXGroup section */

/* Begin PBXNativeTarget section */
		2FCD00F322D75B8E00F4C8C6 /* testaaaaa */ = {
			isa = PBXNativeTarget;
			buildConfigurationList = 2FCD010A22D75B8F00F4C8C6 /* Build configuration list for PBXNativeTarget "testaaaaa" */;
			buildPhases = (
				2FCD00F022D75B8E00F4C8C6 /* Sources */,
				2FCD00F122D75B8E00F4C8C6 /* Frameworks */,
				2FCD00F222D75B8E00F4C8C6 /* Resources */,
			);
			buildRules = (
			);
			dependencies = (
			);
			name = testaaaaa;
			productName = testaaaaa;
			productReference = 2FCD00F422D75B8E00F4C8C6 /* testaaaaa.app */;
			productType = "com.apple.product-type.application";
		};
/* End PBXNativeTarget section */

/* Begin PBXProject section */
		2FCD00EC22D75B8E00F4C8C6 /* Project object */ = {
			isa = PBXProject;
			attributes = {
				LastUpgradeCheck = 1020;
				ORGANIZATIONNAME = "李奕权";
				TargetAttributes = {
					2FCD00F322D75B8E00F4C8C6 = {
						CreatedOnToolsVersion = 10.2.1;
					};
				};
			};
			buildConfigurationList = 2FCD00EF22D75B8E00F4C8C6 /* Build configuration list for PBXProject "testaaaaa" */;
			compatibilityVersion = "Xcode 9.3";
			developmentRegion = en;
			hasScannedForEncodings = 0;
			knownRegions = (
				en,
				Base,
			);
			mainGroup = 2FCD00EB22D75B8E00F4C8C6;
			productRefGroup = 2FCD00F522D75B8E00F4C8C6 /* Products */;
			projectDirPath = "";
			projectRoot = "";
			targets = (
				2FCD00F322D75B8E00F4C8C6 /* testaaaaa */,
			);
		};
/* End PBXProject section */

/* Begin PBXResourcesBuildPhase section */
		2FCD00F222D75B8E00F4C8C6 /* Resources */ = {
			isa = PBXResourcesBuildPhase;
			buildActionMask = 2147483647;
			files = (
				2FCD010422D75B8F00F4C8C6 /* LaunchScreen.storyboard in Resources */,
				2FCD010122D75B8F00F4C8C6 /* Assets.xcassets in Resources */,
				2FCD00FF22D75B8E00F4C8C6 /* Main.storyboard in Resources */,
			);
			runOnlyForDeploymentPostprocessing = 0;
		};
/* End PBXResourcesBuildPhase section */

/* Begin PBXSourcesBuildPhase section */
		2FCD00F022D75B8E00F4C8C6 /* Sources */ = {
			isa = PBXSourcesBuildPhase;
			buildActionMask = 2147483647;
			files = (
				2FCD00FC22D75B8E00F4C8C6 /* ViewController.m in Sources */,
				2FCD010722D75B8F00F4C8C6 /* main.m in Sources */,
				2FCD00F922D75B8E00F4C8C6 /* AppDelegate.m in Sources */,
			);
			runOnlyForDeploymentPostprocessing = 0;
		};
/* End PBXSourcesBuildPhase section */

/* Begin PBXVariantGroup section */
		2FCD00FD22D75B8E00F4C8C6 /* Main.storyboard */ = {
			isa = PBXVariantGroup;
			children = (
				2FCD00FE22D75B8E00F4C8C6 /* Base */,
			);
			name = Main.storyboard;
			sourceTree = "<group>";
		};
		2FCD010222D75B8F00F4C8C6 /* LaunchScreen.storyboard */ = {
			isa = PBXVariantGroup;
			children = (
				2FCD010322D75B8F00F4C8C6 /* Base */,
			);
			name = LaunchScreen.storyboard;
			sourceTree = "<group>";
		};
/* End PBXVariantGroup section */

/* Begin XCBuildConfiguration section */
		2FCD010822D75B8F00F4C8C6 /* Debug */ = {
			isa = XCBuildConfiguration;
			buildSettings = {
				ALWAYS_SEARCH_USER_PATHS = NO;
				CLANG_ANALYZER_NONNULL = YES;
				CLANG_ANALYZER_NUMBER_OBJECT_CONVERSION = YES_AGGRESSIVE;
				CLANG_CXX_LANGUAGE_STANDARD = "gnu++14";
				CLANG_CXX_LIBRARY = "libc++";
				CLANG_ENABLE_MODULES = YES;
				CLANG_ENABLE_OBJC_ARC = YES;
				CLANG_ENABLE_OBJC_WEAK = YES;
				CLANG_WARN_BLOCK_CAPTURE_AUTORELEASING = YES;
				CLANG_WARN_BOOL_CONVERSION = YES;
				CLANG_WARN_COMMA = YES;
				CLANG_WARN_CONSTANT_CONVERSION = YES;
				CLANG_WARN_DEPRECATED_OBJC_IMPLEMENTATIONS = YES;
				CLANG_WARN_DIRECT_OBJC_ISA_USAGE = YES_ERROR;
				CLANG_WARN_DOCUMENTATION_COMMENTS = YES;
				CLANG_WARN_EMPTY_BODY = YES;
				CLANG_WARN_ENUM_CONVERSION = YES;
				CLANG_WARN_INFINITE_RECURSION = YES;
				CLANG_WARN_INT_CONVERSION = YES;
				CLANG_WARN_NON_LITERAL_NULL_CONVERSION = YES;
				CLANG_WARN_OBJC_IMPLICIT_RETAIN_SELF = YES;
				CLANG_WARN_OBJC_LITERAL_CONVERSION = YES;
				CLANG_WARN_OBJC_ROOT_CLASS = YES_ERROR;
				CLANG_WARN_RANGE_LOOP_ANALYSIS = YES;
				CLANG_WARN_STRICT_PROTOTYPES = YES;
				CLANG_WARN_SUSPICIOUS_MOVE = YES;
				CLANG_WARN_UNGUARDED_AVAILABILITY = YES_AGGRESSIVE;
				CLANG_WARN_UNREACHABLE_CODE = YES;
				CLANG_WARN__DUPLICATE_METHOD_MATCH = YES;
				CODE_SIGN_IDENTITY = "iPhone Developer";
				COPY_PHASE_STRIP = NO;
				DEBUG_INFORMATION_FORMAT = dwarf;
				ENABLE_STRICT_OBJC_MSGSEND = YES;
				ENABLE_TESTABILITY = YES;
				GCC_C_LANGUAGE_STANDARD = gnu11;
				GCC_DYNAMIC_NO_PIC = NO;
				GCC_NO_COMMON_BLOCKS = YES;
				GCC_OPTIMIZATION_LEVEL = 0;
				GCC_PREPROCESSOR_DEFINITIONS = (
					"DEBUG=1",
					"$(inherited)",
				);
				GCC_WARN_64_TO_32_BIT_CONVERSION = YES;
				GCC_WARN_ABOUT_RETURN_TYPE = YES_ERROR;
				GCC_WARN_UNDECLARED_SELECTOR = YES;
				GCC_WARN_UNINITIALIZED_AUTOS = YES_AGGRESSIVE;
				GCC_WARN_UNUSED_FUNCTION = YES;
				GCC_WARN_UNUSED_VARIABLE = YES;
				IPHONEOS_DEPLOYMENT_TARGET = 12.2;
				MTL_ENABLE_DEBUG_INFO = INCLUDE_SOURCE;
				MTL_FAST_MATH = YES;
				ONLY_ACTIVE_ARCH = YES;
				SDKROOT = iphoneos;
			};
			name = Debug;
		};
		2FCD010922D75B8F00F4C8C6 /* Release */ = {
			isa = XCBuildConfiguration;
			buildSettings = {
				ALWAYS_SEARCH_USER_PATHS = NO;
				CLANG_ANALYZER_NONNULL = YES;
				CLANG_ANALYZER_NUMBER_OBJECT_CONVERSION = YES_AGGRESSIVE;
				CLANG_CXX_LANGUAGE_STANDARD = "gnu++14";
				CLANG_CXX_LIBRARY = "libc++";
				CLANG_ENABLE_MODULES = YES;
				CLANG_ENABLE_OBJC_ARC = YES;
				CLANG_ENABLE_OBJC_WEAK = YES;
				CLANG_WARN_BLOCK_CAPTURE_AUTORELEASING = YES;
				CLANG_WARN_BOOL_CONVERSION = YES;
				CLANG_WARN_COMMA = YES;
				CLANG_WARN_CONSTANT_CONVERSION = YES;
				CLANG_WARN_DEPRECATED_OBJC_IMPLEMENTATIONS = YES;
				CLANG_WARN_DIRECT_OBJC_ISA_USAGE = YES_ERROR;
				CLANG_WARN_DOCUMENTATION_COMMENTS = YES;
				CLANG_WARN_EMPTY_BODY = YES;
				CLANG_WARN_ENUM_CONVERSION = YES;
				CLANG_WARN_INFINITE_RECURSION = YES;
				CLANG_WARN_INT_CONVERSION = YES;
				CLANG_WARN_NON_LITERAL_NULL_CONVERSION = YES;
				CLANG_WARN_OBJC_IMPLICIT_RETAIN_SELF = YES;
				CLANG_WARN_OBJC_LITERAL_CONVERSION = YES;
				CLANG_WARN_OBJC_ROOT_CLASS = YES_ERROR;
				CLANG_WARN_RANGE_LOOP_ANALYSIS = YES;
				CLANG_WARN_STRICT_PROTOTYPES = YES;
				CLANG_WARN_SUSPICIOUS_MOVE = YES;
				CLANG_WARN_UNGUARDED_AVAILABILITY = YES_AGGRESSIVE;
				CLANG_WARN_UNREACHABLE_CODE = YES;
				CLANG_WARN__DUPLICATE_METHOD_MATCH = YES;
				CODE_SIGN_IDENTITY = "iPhone Developer";
				COPY_PHASE_STRIP = NO;
				DEBUG_INFORMATION_FORMAT = "dwarf-with-dsym";
				ENABLE_NS_ASSERTIONS = NO;
				ENABLE_STRICT_OBJC_MSGSEND = YES;
				GCC_C_LANGUAGE_STANDARD = gnu11;
				GCC_NO_COMMON_BLOCKS = YES;
				GCC_WARN_64_TO_32_BIT_CONVERSION = YES;
				GCC_WARN_ABOUT_RETURN_TYPE = YES_ERROR;
				GCC_WARN_UNDECLARED_SELECTOR = YES;
				GCC_WARN_UNINITIALIZED_AUTOS = YES_AGGRESSIVE;
				GCC_WARN_UNUSED_FUNCTION = YES;
				GCC_WARN_UNUSED_VARIABLE = YES;
				IPHONEOS_DEPLOYMENT_TARGET = 12.2;
				MTL_ENABLE_DEBUG_INFO = NO;
				MTL_FAST_MATH = YES;
				SDKROOT = iphoneos;
				VALIDATE_PRODUCT = YES;
			};
			name = Release;
		};
		2FCD010B22D75B8F00F4C8C6 /* Debug */ = {
			isa = XCBuildConfiguration;
			buildSettings = {
				ASSETCATALOG_COMPILER_APPICON_NAME = AppIcon;
				CODE_SIGN_STYLE = Automatic;
				DEVELOPMENT_TEAM = 6H8VB2T59F;
				INFOPLIST_FILE = testaaaaa/Info.plist;
				LD_RUNPATH_SEARCH_PATHS = (
					"$(inherited)",
					"@executable_path/Frameworks",
				);
				PRODUCT_BUNDLE_IDENTIFIER = vteso.iostest.flutter.testaaaaa;
				PRODUCT_NAME = "$(TARGET_NAME)";
				TARGETED_DEVICE_FAMILY = "1,2";
			};
			name = Debug;
		};
		2FCD010C22D75B8F00F4C8C6 /* Release */ = {
			isa = XCBuildConfiguration;
			buildSettings = {
				ASSETCATALOG_COMPILER_APPICON_NAME = AppIcon;
				CODE_SIGN_STYLE = Automatic;
				DEVELOPMENT_TEAM = 6H8VB2T59F;
				INFOPLIST_FILE = testaaaaa/Info.plist;
				LD_RUNPATH_SEARCH_PATHS = (
					"$(inherited)",
					"@executable_path/Frameworks",
				);
				PRODUCT_BUNDLE_IDENTIFIER = vteso.iostest.flutter.testaaaaa;
				PRODUCT_NAME = "$(TARGET_NAME)";
				TARGETED_DEVICE_FAMILY = "1,2";
			};
			name = Release;
		};
/* End XCBuildConfiguration section */

/* Begin XCConfigurationList section */
		2FCD00EF22D75B8E00F4C8C6 /* Build configuration list for PBXProject "testaaaaa" */ = {
			isa = XCConfigurationList;
			buildConfigurations = (
				2FCD010822D75B8F00F4C8C6 /* Debug */,
				2FCD010922D75B8F00F4C8C6 /* Release */,
			);
			defaultConfigurationIsVisible = 0;
			defaultConfigurationName = Release;
		};
		2FCD010A22D75B8F00F4C8C6 /* Build configuration list for PBXNativeTarget "testaaaaa" */ = {
			isa = XCConfigurationList;
			buildConfigurations = (
				2FCD010B22D75B8F00F4C8C6 /* Debug */,
				2FCD010C22D75B8F00F4C8C6 /* Release */,
			);
			defaultConfigurationIsVisible = 0;
			defaultConfigurationName = Release;
		};
/* End XCConfigurationList section */
	};
	rootObject = 2FCD00EC22D75B8E00F4C8C6 /* Project object */;
}
